
Microsoft Visual Studio Solution File, Format Version 12.00
# Visual Studio 14
VisualStudioVersion = 14.0.25420.1
MinimumVisualStudioVersion = 10.0.40219.1
Project("{8BC9CEB8-8B4A-11D0-8D11-00A0C91BC942}") = "hello", "hello\hello.vcxproj", "{DD952B7E-E056-4811-8CF2-3638CA38FC99}"
EndProject
Project("{8BC9CEB8-8B4A-11D0-8D11-00A0C91BC942}") = "harj4", "harj4\harj4.vcxproj", "{885784AA-768B-4E0D-8540-22B98893BBC5}"
EndProject
Project("{8BC9CEB8-8B4A-11D0-8D11-00A0C91BC942}") = "esimerki 1", "esimerki 1\esimerki 1.vcxproj", "{8C9F8629-A32A-4B81-B744-4669CCBFB303}"
EndProject
Project("{8BC9CEB8-8B4A-11D0-8D11-00A0C91BC942}") = "harjoitus 5", "harjoitus 5\harjoitus 5.vcxproj", "{A55A981F-BBEF-4B98-98C1-906767C7D81C}"
EndProject
Project("{8BC9CEB8-8B4A-11D0-8D11-00A0C91BC942}") = "harjoitus 6", "harjoitus 6\harjoitus 6.vcxproj", "{AE95F1CB-CCB6-4BE6-837D-92AFFBA37B8A}"
EndProject
Project("{8BC9CEB8-8B4A-11D0-8D11-00A0C91BC942}") = "harjoitus 7", "harjoitus 7\harjoitus 7.vcxproj", "{F52DCD09-8D41-4B53-A073-F1BE8A04C845}"
EndProject
Project("{8BC9CEB8-8B4A-11D0-8D11-00A0C91BC942}") = "esimerkki2", "esimerkki2\esimerkki2.vcxproj", "{CA0CB96F-3DF3-4C20-BCC0-50A766C8B2E2}"
EndProject
Project("{8BC9CEB8-8B4A-11D0-8D11-00A0C91BC942}") = "esimerkki3", "esimerkki3\esimerkki3.vcxproj", "{AB4D83DD-DC64-4E7F-A6A3-13899AEC4EFD}"
EndProject
Project("{8BC9CEB8-8B4A-11D0-8D11-00A0C91BC942}") = "esimerkki4", "esimerkki4\esimerkki4.vcxproj", "{95AFD8DC-620F-4043-95F9-C151B66B97DE}"
EndProject
Project("{8BC9CEB8-8B4A-11D0-8D11-00A0C91BC942}") = "esimerkki5", "esimerkki5\esimerkki5.vcxproj", "{ED681877-202B-4A8A-9302-26BC04841A36}"
EndProject
Project("{8BC9CEB8-8B4A-11D0-8D11-00A0C91BC942}") = "harjoitus 8", "harjoitus 8\harjoitus 8.vcxproj", "{6A9BBD53-D4E2-4356-B631-03F00939B8AC}"
EndProject
Project("{8BC9CEB8-8B4A-11D0-8D11-00A0C91BC942}") = "harjoitus 9", "harjoitus 9\harjoitus 9.vcxproj", "{3650B9E1-F416-4969-BA82-4CFF1C9533A5}"
EndProject
Project("{8BC9CEB8-8B4A-11D0-8D11-00A0C91BC942}") = "harjoitus 10", "harjoitus 10\harjoitus 10.vcxproj", "{44BBD804-DF64-4D9F-B31D-F2A9DB1AF874}"
EndProject
Project("{8BC9CEB8-8B4A-11D0-8D11-00A0C91BC942}") = "harjoitus 11", "harjoitus 11\harjoitus 11.vcxproj", "{C22E8A52-FE7E-45DF-A598-09577597E057}"
EndProject
Project("{8BC9CEB8-8B4A-11D0-8D11-00A0C91BC942}") = "esimerkki7", "esimerkki7\esimerkki7.vcxproj", "{682FEA02-F662-4851-96CD-DB36E4D4790E}"
EndProject
Project("{8BC9CEB8-8B4A-11D0-8D11-00A0C91BC942}") = "esimerkki8", "esimerkki8\esimerkki8.vcxproj", "{9280DB6E-7C45-45EA-9451-4D5AB34856B3}"
EndProject
Project("{8BC9CEB8-8B4A-11D0-8D11-00A0C91BC942}") = "esimerkki9", "esimerkki9\esimerkki9.vcxproj", "{9637AE24-1CEA-4358-A792-88E0930DFDC2}"
EndProject
Project("{8BC9CEB8-8B4A-11D0-8D11-00A0C91BC942}") = "esimerkki10", "esimerkki10\esimerkki10.vcxproj", "{1892A95F-2372-48E7-9D90-248F8A91B7DA}"
EndProject
Project("{8BC9CEB8-8B4A-11D0-8D11-00A0C91BC942}") = "harjoitus 12", "harjoitus 12\harjoitus 12.vcxproj", "{C13A6995-05D1-4F22-833D-77EE4F8B4933}"
EndProject
Project("{8BC9CEB8-8B4A-11D0-8D11-00A0C91BC942}") = "esimerkki11", "esimerkki11\esimerkki11.vcxproj", "{61123E7E-347E-435A-B3B5-1F94338C3954}"
EndProject
Project("{8BC9CEB8-8B4A-11D0-8D11-00A0C91BC942}") = "harjoitus 13", "harjoitus 13\harjoitus 13.vcxproj", "{8726948F-02FD-409E-A040-68F5B5D68A79}"
EndProject
Project("{8BC9CEB8-8B4A-11D0-8D11-00A0C91BC942}") = "harjoitus 14", "harjoitus 14\harjoitus 14.vcxproj", "{91D52963-42EE-466D-BB32-4FB83D320D96}"
EndProject
Project("{8BC9CEB8-8B4A-11D0-8D11-00A0C91BC942}") = "harjoitus 15", "harjoitus 15\harjoitus 15.vcxproj", "{CEC24EF0-0F7F-43A2-AFD4-198CF4FA752F}"
EndProject
Project("{8BC9CEB8-8B4A-11D0-8D11-00A0C91BC942}") = "esimerkki12", "esimerkki12\esimerkki12.vcxproj", "{5AB65C5E-13B3-4141-B912-110AB89AC438}"
EndProject
Project("{8BC9CEB8-8B4A-11D0-8D11-00A0C91BC942}") = "harjoitus 16", "harjoitus 16\harjoitus 16.vcxproj", "{1A6F04CE-FA07-48DF-9BC5-11897E9187C8}"
EndProject
Project("{8BC9CEB8-8B4A-11D0-8D11-00A0C91BC942}") = "harjoitus 17", "harjoitus 17\harjoitus 17.vcxproj", "{4EB6C9A0-E739-4C38-8F4F-8ED00B7C980E}"
EndProject
Project("{8BC9CEB8-8B4A-11D0-8D11-00A0C91BC942}") = "harjoitus 18", "harjoitus 18\harjoitus 18.vcxproj", "{9FC7F49C-0C8E-4DE9-A8CF-ACFF38286A87}"
EndProject
Project("{8BC9CEB8-8B4A-11D0-8D11-00A0C91BC942}") = "esimerkki13", "esimerkki13\esimerkki13.vcxproj", "{BB5C8A3A-C51A-46C4-9843-F0D3C1B35254}"
EndProject
Project("{8BC9CEB8-8B4A-11D0-8D11-00A0C91BC942}") = "harjoitus 19", "harjoitus 19\harjoitus 19.vcxproj", "{C926E9FB-F3D1-4A98-BE3E-1EBEB7606F69}"
EndProject
Project("{8BC9CEB8-8B4A-11D0-8D11-00A0C91BC942}") = "harjoitus 20", "harjoitus 20\harjoitus 20.vcxproj", "{3366A7FA-0482-45BB-8D94-66B9331159F7}"
EndProject
Project("{8BC9CEB8-8B4A-11D0-8D11-00A0C91BC942}") = "esimerkki14", "esimerkki14\esimerkki14.vcxproj", "{A2193C05-EC49-4064-81DE-9BBDC88EAABC}"
EndProject
Project("{8BC9CEB8-8B4A-11D0-8D11-00A0C91BC942}") = "esimerkki15", "esimerkki15\esimerkki15.vcxproj", "{2B4EC855-5B8D-4801-9DCD-BDA81E350821}"
EndProject
Project("{8BC9CEB8-8B4A-11D0-8D11-00A0C91BC942}") = "esimerkki16", "esimerkki16\esimerkki16.vcxproj", "{5BDAF79D-A4C3-4370-B546-8C7FE3F4FA24}"
EndProject
Project("{8BC9CEB8-8B4A-11D0-8D11-00A0C91BC942}") = "esimerkki17", "esimerkki17\esimerkki17.vcxproj", "{59F68202-190C-40D4-8DCA-0CCF08527B2A}"
EndProject
Project("{8BC9CEB8-8B4A-11D0-8D11-00A0C91BC942}") = "esimerkki18", "esimerkki18\esimerkki18.vcxproj", "{A1DD89FE-C0DA-4EF2-80B9-FBE559A2634D}"
EndProject
Project("{8BC9CEB8-8B4A-11D0-8D11-00A0C91BC942}") = "harjoitus 21", "harjoitus 21\harjoitus 21.vcxproj", "{17128897-8D64-4160-9CDC-E3F1459757FD}"
EndProject
Project("{8BC9CEB8-8B4A-11D0-8D11-00A0C91BC942}") = "harjoitus 22", "harjoitus 22\harjoitus 22.vcxproj", "{BFABDD6B-140D-45D3-8A02-79768E4024FC}"
EndProject
Project("{8BC9CEB8-8B4A-11D0-8D11-00A0C91BC942}") = "esimerkki19", "esimerkki19\esimerkki19.vcxproj", "{81B92B08-BAE4-4E52-B334-948B2CE62DC2}"
EndProject
Project("{8BC9CEB8-8B4A-11D0-8D11-00A0C91BC942}") = "pari", "pari\pari.vcxproj", "{8099786D-6EBB-4882-8C99-E873D2169CF8}"
EndProject
Project("{8BC9CEB8-8B4A-11D0-8D11-00A0C91BC942}") = "esimerkki20", "esimerkki20\esimerkki20.vcxproj", "{BDF9BE25-3D6E-4271-948C-33F8401BC1B4}"
EndProject
Project("{8BC9CEB8-8B4A-11D0-8D11-00A0C91BC942}") = "harjoitus 23", "harjoitus 23\harjoitus 23.vcxproj", "{DB704B49-6A6E-435D-A2FD-80B2DAA8C999}"
EndProject
Project("{8BC9CEB8-8B4A-11D0-8D11-00A0C91BC942}") = "esimerkki21", "esimerkki21\esimerkki21.vcxproj", "{B7ECFEEC-CF8A-4068-98AA-B4430047C357}"
EndProject
Project("{8BC9CEB8-8B4A-11D0-8D11-00A0C91BC942}") = "laskin", "laskin\laskin.vcxproj", "{9F2E92A1-BE18-4514-94F0-11BE0666797F}"
EndProject
Global
	GlobalSection(SolutionConfigurationPlatforms) = preSolution
		Debug|x64 = Debug|x64
		Debug|x86 = Debug|x86
		Release|x64 = Release|x64
		Release|x86 = Release|x86
	EndGlobalSection
	GlobalSection(ProjectConfigurationPlatforms) = postSolution
		{DD952B7E-E056-4811-8CF2-3638CA38FC99}.Debug|x64.ActiveCfg = Debug|x64
		{DD952B7E-E056-4811-8CF2-3638CA38FC99}.Debug|x64.Build.0 = Debug|x64
		{DD952B7E-E056-4811-8CF2-3638CA38FC99}.Debug|x86.ActiveCfg = Debug|Win32
		{DD952B7E-E056-4811-8CF2-3638CA38FC99}.Debug|x86.Build.0 = Debug|Win32
		{DD952B7E-E056-4811-8CF2-3638CA38FC99}.Release|x64.ActiveCfg = Release|x64
		{DD952B7E-E056-4811-8CF2-3638CA38FC99}.Release|x64.Build.0 = Release|x64
		{DD952B7E-E056-4811-8CF2-3638CA38FC99}.Release|x86.ActiveCfg = Release|Win32
		{DD952B7E-E056-4811-8CF2-3638CA38FC99}.Release|x86.Build.0 = Release|Win32
		{885784AA-768B-4E0D-8540-22B98893BBC5}.Debug|x64.ActiveCfg = Debug|x64
		{885784AA-768B-4E0D-8540-22B98893BBC5}.Debug|x64.Build.0 = Debug|x64
		{885784AA-768B-4E0D-8540-22B98893BBC5}.Debug|x86.ActiveCfg = Debug|Win32
		{885784AA-768B-4E0D-8540-22B98893BBC5}.Debug|x86.Build.0 = Debug|Win32
		{885784AA-768B-4E0D-8540-22B98893BBC5}.Release|x64.ActiveCfg = Release|x64
		{885784AA-768B-4E0D-8540-22B98893BBC5}.Release|x64.Build.0 = Release|x64
		{885784AA-768B-4E0D-8540-22B98893BBC5}.Release|x86.ActiveCfg = Release|Win32
		{885784AA-768B-4E0D-8540-22B98893BBC5}.Release|x86.Build.0 = Release|Win32
		{8C9F8629-A32A-4B81-B744-4669CCBFB303}.Debug|x64.ActiveCfg = Debug|x64
		{8C9F8629-A32A-4B81-B744-4669CCBFB303}.Debug|x64.Build.0 = Debug|x64
		{8C9F8629-A32A-4B81-B744-4669CCBFB303}.Debug|x86.ActiveCfg = Debug|Win32
		{8C9F8629-A32A-4B81-B744-4669CCBFB303}.Debug|x86.Build.0 = Debug|Win32
		{8C9F8629-A32A-4B81-B744-4669CCBFB303}.Release|x64.ActiveCfg = Release|x64
		{8C9F8629-A32A-4B81-B744-4669CCBFB303}.Release|x64.Build.0 = Release|x64
		{8C9F8629-A32A-4B81-B744-4669CCBFB303}.Release|x86.ActiveCfg = Release|Win32
		{8C9F8629-A32A-4B81-B744-4669CCBFB303}.Release|x86.Build.0 = Release|Win32
		{A55A981F-BBEF-4B98-98C1-906767C7D81C}.Debug|x64.ActiveCfg = Debug|x64
		{A55A981F-BBEF-4B98-98C1-906767C7D81C}.Debug|x64.Build.0 = Debug|x64
		{A55A981F-BBEF-4B98-98C1-906767C7D81C}.Debug|x86.ActiveCfg = Debug|Win32
		{A55A981F-BBEF-4B98-98C1-906767C7D81C}.Debug|x86.Build.0 = Debug|Win32
		{A55A981F-BBEF-4B98-98C1-906767C7D81C}.Release|x64.ActiveCfg = Release|x64
		{A55A981F-BBEF-4B98-98C1-906767C7D81C}.Release|x64.Build.0 = Release|x64
		{A55A981F-BBEF-4B98-98C1-906767C7D81C}.Release|x86.ActiveCfg = Release|Win32
		{A55A981F-BBEF-4B98-98C1-906767C7D81C}.Release|x86.Build.0 = Release|Win32
		{AE95F1CB-CCB6-4BE6-837D-92AFFBA37B8A}.Debug|x64.ActiveCfg = Debug|x64
		{AE95F1CB-CCB6-4BE6-837D-92AFFBA37B8A}.Debug|x64.Build.0 = Debug|x64
		{AE95F1CB-CCB6-4BE6-837D-92AFFBA37B8A}.Debug|x86.ActiveCfg = Debug|Win32
		{AE95F1CB-CCB6-4BE6-837D-92AFFBA37B8A}.Debug|x86.Build.0 = Debug|Win32
		{AE95F1CB-CCB6-4BE6-837D-92AFFBA37B8A}.Release|x64.ActiveCfg = Release|x64
		{AE95F1CB-CCB6-4BE6-837D-92AFFBA37B8A}.Release|x64.Build.0 = Release|x64
		{AE95F1CB-CCB6-4BE6-837D-92AFFBA37B8A}.Release|x86.ActiveCfg = Release|Win32
		{AE95F1CB-CCB6-4BE6-837D-92AFFBA37B8A}.Release|x86.Build.0 = Release|Win32
		{F52DCD09-8D41-4B53-A073-F1BE8A04C845}.Debug|x64.ActiveCfg = Debug|x64
		{F52DCD09-8D41-4B53-A073-F1BE8A04C845}.Debug|x64.Build.0 = Debug|x64
		{F52DCD09-8D41-4B53-A073-F1BE8A04C845}.Debug|x86.ActiveCfg = Debug|Win32
		{F52DCD09-8D41-4B53-A073-F1BE8A04C845}.Debug|x86.Build.0 = Debug|Win32
		{F52DCD09-8D41-4B53-A073-F1BE8A04C845}.Release|x64.ActiveCfg = Release|x64
		{F52DCD09-8D41-4B53-A073-F1BE8A04C845}.Release|x64.Build.0 = Release|x64
		{F52DCD09-8D41-4B53-A073-F1BE8A04C845}.Release|x86.ActiveCfg = Release|Win32
		{F52DCD09-8D41-4B53-A073-F1BE8A04C845}.Release|x86.Build.0 = Release|Win32
		{CA0CB96F-3DF3-4C20-BCC0-50A766C8B2E2}.Debug|x64.ActiveCfg = Debug|x64
		{CA0CB96F-3DF3-4C20-BCC0-50A766C8B2E2}.Debug|x64.Build.0 = Debug|x64
		{CA0CB96F-3DF3-4C20-BCC0-50A766C8B2E2}.Debug|x86.ActiveCfg = Debug|Win32
		{CA0CB96F-3DF3-4C20-BCC0-50A766C8B2E2}.Debug|x86.Build.0 = Debug|Win32
		{CA0CB96F-3DF3-4C20-BCC0-50A766C8B2E2}.Release|x64.ActiveCfg = Release|x64
		{CA0CB96F-3DF3-4C20-BCC0-50A766C8B2E2}.Release|x64.Build.0 = Release|x64
		{CA0CB96F-3DF3-4C20-BCC0-50A766C8B2E2}.Release|x86.ActiveCfg = Release|Win32
		{CA0CB96F-3DF3-4C20-BCC0-50A766C8B2E2}.Release|x86.Build.0 = Release|Win32
		{AB4D83DD-DC64-4E7F-A6A3-13899AEC4EFD}.Debug|x64.ActiveCfg = Debug|x64
		{AB4D83DD-DC64-4E7F-A6A3-13899AEC4EFD}.Debug|x64.Build.0 = Debug|x64
		{AB4D83DD-DC64-4E7F-A6A3-13899AEC4EFD}.Debug|x86.ActiveCfg = Debug|Win32
		{AB4D83DD-DC64-4E7F-A6A3-13899AEC4EFD}.Debug|x86.Build.0 = Debug|Win32
		{AB4D83DD-DC64-4E7F-A6A3-13899AEC4EFD}.Release|x64.ActiveCfg = Release|x64
		{AB4D83DD-DC64-4E7F-A6A3-13899AEC4EFD}.Release|x64.Build.0 = Release|x64
		{AB4D83DD-DC64-4E7F-A6A3-13899AEC4EFD}.Release|x86.ActiveCfg = Release|Win32
		{AB4D83DD-DC64-4E7F-A6A3-13899AEC4EFD}.Release|x86.Build.0 = Release|Win32
		{95AFD8DC-620F-4043-95F9-C151B66B97DE}.Debug|x64.ActiveCfg = Debug|x64
		{95AFD8DC-620F-4043-95F9-C151B66B97DE}.Debug|x64.Build.0 = Debug|x64
		{95AFD8DC-620F-4043-95F9-C151B66B97DE}.Debug|x86.ActiveCfg = Debug|Win32
		{95AFD8DC-620F-4043-95F9-C151B66B97DE}.Debug|x86.Build.0 = Debug|Win32
		{95AFD8DC-620F-4043-95F9-C151B66B97DE}.Release|x64.ActiveCfg = Release|x64
		{95AFD8DC-620F-4043-95F9-C151B66B97DE}.Release|x64.Build.0 = Release|x64
		{95AFD8DC-620F-4043-95F9-C151B66B97DE}.Release|x86.ActiveCfg = Release|Win32
		{95AFD8DC-620F-4043-95F9-C151B66B97DE}.Release|x86.Build.0 = Release|Win32
		{ED681877-202B-4A8A-9302-26BC04841A36}.Debug|x64.ActiveCfg = Debug|x64
		{ED681877-202B-4A8A-9302-26BC04841A36}.Debug|x64.Build.0 = Debug|x64
		{ED681877-202B-4A8A-9302-26BC04841A36}.Debug|x86.ActiveCfg = Debug|Win32
		{ED681877-202B-4A8A-9302-26BC04841A36}.Debug|x86.Build.0 = Debug|Win32
		{ED681877-202B-4A8A-9302-26BC04841A36}.Release|x64.ActiveCfg = Release|x64
		{ED681877-202B-4A8A-9302-26BC04841A36}.Release|x64.Build.0 = Release|x64
		{ED681877-202B-4A8A-9302-26BC04841A36}.Release|x86.ActiveCfg = Release|Win32
		{ED681877-202B-4A8A-9302-26BC04841A36}.Release|x86.Build.0 = Release|Win32
		{6A9BBD53-D4E2-4356-B631-03F00939B8AC}.Debug|x64.ActiveCfg = Debug|x64
		{6A9BBD53-D4E2-4356-B631-03F00939B8AC}.Debug|x64.Build.0 = Debug|x64
		{6A9BBD53-D4E2-4356-B631-03F00939B8AC}.Debug|x86.ActiveCfg = Debug|Win32
		{6A9BBD53-D4E2-4356-B631-03F00939B8AC}.Debug|x86.Build.0 = Debug|Win32
		{6A9BBD53-D4E2-4356-B631-03F00939B8AC}.Release|x64.ActiveCfg = Release|x64
		{6A9BBD53-D4E2-4356-B631-03F00939B8AC}.Release|x64.Build.0 = Release|x64
		{6A9BBD53-D4E2-4356-B631-03F00939B8AC}.Release|x86.ActiveCfg = Release|Win32
		{6A9BBD53-D4E2-4356-B631-03F00939B8AC}.Release|x86.Build.0 = Release|Win32
		{3650B9E1-F416-4969-BA82-4CFF1C9533A5}.Debug|x64.ActiveCfg = Debug|x64
		{3650B9E1-F416-4969-BA82-4CFF1C9533A5}.Debug|x64.Build.0 = Debug|x64
		{3650B9E1-F416-4969-BA82-4CFF1C9533A5}.Debug|x86.ActiveCfg = Debug|Win32
		{3650B9E1-F416-4969-BA82-4CFF1C9533A5}.Debug|x86.Build.0 = Debug|Win32
		{3650B9E1-F416-4969-BA82-4CFF1C9533A5}.Release|x64.ActiveCfg = Release|x64
		{3650B9E1-F416-4969-BA82-4CFF1C9533A5}.Release|x64.Build.0 = Release|x64
		{3650B9E1-F416-4969-BA82-4CFF1C9533A5}.Release|x86.ActiveCfg = Release|Win32
		{3650B9E1-F416-4969-BA82-4CFF1C9533A5}.Release|x86.Build.0 = Release|Win32
		{44BBD804-DF64-4D9F-B31D-F2A9DB1AF874}.Debug|x64.ActiveCfg = Debug|x64
		{44BBD804-DF64-4D9F-B31D-F2A9DB1AF874}.Debug|x64.Build.0 = Debug|x64
		{44BBD804-DF64-4D9F-B31D-F2A9DB1AF874}.Debug|x86.ActiveCfg = Debug|Win32
		{44BBD804-DF64-4D9F-B31D-F2A9DB1AF874}.Debug|x86.Build.0 = Debug|Win32
		{44BBD804-DF64-4D9F-B31D-F2A9DB1AF874}.Release|x64.ActiveCfg = Release|x64
		{44BBD804-DF64-4D9F-B31D-F2A9DB1AF874}.Release|x64.Build.0 = Release|x64
		{44BBD804-DF64-4D9F-B31D-F2A9DB1AF874}.Release|x86.ActiveCfg = Release|Win32
		{44BBD804-DF64-4D9F-B31D-F2A9DB1AF874}.Release|x86.Build.0 = Release|Win32
		{C22E8A52-FE7E-45DF-A598-09577597E057}.Debug|x64.ActiveCfg = Debug|x64
		{C22E8A52-FE7E-45DF-A598-09577597E057}.Debug|x64.Build.0 = Debug|x64
		{C22E8A52-FE7E-45DF-A598-09577597E057}.Debug|x86.ActiveCfg = Debug|Win32
		{C22E8A52-FE7E-45DF-A598-09577597E057}.Debug|x86.Build.0 = Debug|Win32
		{C22E8A52-FE7E-45DF-A598-09577597E057}.Release|x64.ActiveCfg = Release|x64
		{C22E8A52-FE7E-45DF-A598-09577597E057}.Release|x64.Build.0 = Release|x64
		{C22E8A52-FE7E-45DF-A598-09577597E057}.Release|x86.ActiveCfg = Release|Win32
		{C22E8A52-FE7E-45DF-A598-09577597E057}.Release|x86.Build.0 = Release|Win32
		{682FEA02-F662-4851-96CD-DB36E4D4790E}.Debug|x64.ActiveCfg = Debug|x64
		{682FEA02-F662-4851-96CD-DB36E4D4790E}.Debug|x64.Build.0 = Debug|x64
		{682FEA02-F662-4851-96CD-DB36E4D4790E}.Debug|x86.ActiveCfg = Debug|Win32
		{682FEA02-F662-4851-96CD-DB36E4D4790E}.Debug|x86.Build.0 = Debug|Win32
		{682FEA02-F662-4851-96CD-DB36E4D4790E}.Release|x64.ActiveCfg = Release|x64
		{682FEA02-F662-4851-96CD-DB36E4D4790E}.Release|x64.Build.0 = Release|x64
		{682FEA02-F662-4851-96CD-DB36E4D4790E}.Release|x86.ActiveCfg = Release|Win32
		{682FEA02-F662-4851-96CD-DB36E4D4790E}.Release|x86.Build.0 = Release|Win32
		{9280DB6E-7C45-45EA-9451-4D5AB34856B3}.Debug|x64.ActiveCfg = Debug|x64
		{9280DB6E-7C45-45EA-9451-4D5AB34856B3}.Debug|x64.Build.0 = Debug|x64
		{9280DB6E-7C45-45EA-9451-4D5AB34856B3}.Debug|x86.ActiveCfg = Debug|Win32
		{9280DB6E-7C45-45EA-9451-4D5AB34856B3}.Debug|x86.Build.0 = Debug|Win32
		{9280DB6E-7C45-45EA-9451-4D5AB34856B3}.Release|x64.ActiveCfg = Release|x64
		{9280DB6E-7C45-45EA-9451-4D5AB34856B3}.Release|x64.Build.0 = Release|x64
		{9280DB6E-7C45-45EA-9451-4D5AB34856B3}.Release|x86.ActiveCfg = Release|Win32
		{9280DB6E-7C45-45EA-9451-4D5AB34856B3}.Release|x86.Build.0 = Release|Win32
		{9637AE24-1CEA-4358-A792-88E0930DFDC2}.Debug|x64.ActiveCfg = Debug|x64
		{9637AE24-1CEA-4358-A792-88E0930DFDC2}.Debug|x64.Build.0 = Debug|x64
		{9637AE24-1CEA-4358-A792-88E0930DFDC2}.Debug|x86.ActiveCfg = Debug|Win32
		{9637AE24-1CEA-4358-A792-88E0930DFDC2}.Debug|x86.Build.0 = Debug|Win32
		{9637AE24-1CEA-4358-A792-88E0930DFDC2}.Release|x64.ActiveCfg = Release|x64
		{9637AE24-1CEA-4358-A792-88E0930DFDC2}.Release|x64.Build.0 = Release|x64
		{9637AE24-1CEA-4358-A792-88E0930DFDC2}.Release|x86.ActiveCfg = Release|Win32
		{9637AE24-1CEA-4358-A792-88E0930DFDC2}.Release|x86.Build.0 = Release|Win32
		{1892A95F-2372-48E7-9D90-248F8A91B7DA}.Debug|x64.ActiveCfg = Debug|x64
		{1892A95F-2372-48E7-9D90-248F8A91B7DA}.Debug|x64.Build.0 = Debug|x64
		{1892A95F-2372-48E7-9D90-248F8A91B7DA}.Debug|x86.ActiveCfg = Debug|Win32
		{1892A95F-2372-48E7-9D90-248F8A91B7DA}.Debug|x86.Build.0 = Debug|Win32
		{1892A95F-2372-48E7-9D90-248F8A91B7DA}.Release|x64.ActiveCfg = Release|x64
		{1892A95F-2372-48E7-9D90-248F8A91B7DA}.Release|x64.Build.0 = Release|x64
		{1892A95F-2372-48E7-9D90-248F8A91B7DA}.Release|x86.ActiveCfg = Release|Win32
		{1892A95F-2372-48E7-9D90-248F8A91B7DA}.Release|x86.Build.0 = Release|Win32
		{C13A6995-05D1-4F22-833D-77EE4F8B4933}.Debug|x64.ActiveCfg = Debug|x64
		{C13A6995-05D1-4F22-833D-77EE4F8B4933}.Debug|x64.Build.0 = Debug|x64
		{C13A6995-05D1-4F22-833D-77EE4F8B4933}.Debug|x86.ActiveCfg = Debug|Win32
		{C13A6995-05D1-4F22-833D-77EE4F8B4933}.Debug|x86.Build.0 = Debug|Win32
		{C13A6995-05D1-4F22-833D-77EE4F8B4933}.Release|x64.ActiveCfg = Release|x64
		{C13A6995-05D1-4F22-833D-77EE4F8B4933}.Release|x64.Build.0 = Release|x64
		{C13A6995-05D1-4F22-833D-77EE4F8B4933}.Release|x86.ActiveCfg = Release|Win32
		{C13A6995-05D1-4F22-833D-77EE4F8B4933}.Release|x86.Build.0 = Release|Win32
		{61123E7E-347E-435A-B3B5-1F94338C3954}.Debug|x64.ActiveCfg = Debug|x64
		{61123E7E-347E-435A-B3B5-1F94338C3954}.Debug|x64.Build.0 = Debug|x64
		{61123E7E-347E-435A-B3B5-1F94338C3954}.Debug|x86.ActiveCfg = Debug|Win32
		{61123E7E-347E-435A-B3B5-1F94338C3954}.Debug|x86.Build.0 = Debug|Win32
		{61123E7E-347E-435A-B3B5-1F94338C3954}.Release|x64.ActiveCfg = Release|x64
		{61123E7E-347E-435A-B3B5-1F94338C3954}.Release|x64.Build.0 = Release|x64
		{61123E7E-347E-435A-B3B5-1F94338C3954}.Release|x86.ActiveCfg = Release|Win32
		{61123E7E-347E-435A-B3B5-1F94338C3954}.Release|x86.Build.0 = Release|Win32
		{8726948F-02FD-409E-A040-68F5B5D68A79}.Debug|x64.ActiveCfg = Debug|x64
		{8726948F-02FD-409E-A040-68F5B5D68A79}.Debug|x64.Build.0 = Debug|x64
		{8726948F-02FD-409E-A040-68F5B5D68A79}.Debug|x86.ActiveCfg = Debug|Win32
		{8726948F-02FD-409E-A040-68F5B5D68A79}.Debug|x86.Build.0 = Debug|Win32
		{8726948F-02FD-409E-A040-68F5B5D68A79}.Release|x64.ActiveCfg = Release|x64
		{8726948F-02FD-409E-A040-68F5B5D68A79}.Release|x64.Build.0 = Release|x64
		{8726948F-02FD-409E-A040-68F5B5D68A79}.Release|x86.ActiveCfg = Release|Win32
		{8726948F-02FD-409E-A040-68F5B5D68A79}.Release|x86.Build.0 = Release|Win32
		{91D52963-42EE-466D-BB32-4FB83D320D96}.Debug|x64.ActiveCfg = Debug|x64
		{91D52963-42EE-466D-BB32-4FB83D320D96}.Debug|x64.Build.0 = Debug|x64
		{91D52963-42EE-466D-BB32-4FB83D320D96}.Debug|x86.ActiveCfg = Debug|Win32
		{91D52963-42EE-466D-BB32-4FB83D320D96}.Debug|x86.Build.0 = Debug|Win32
		{91D52963-42EE-466D-BB32-4FB83D320D96}.Release|x64.ActiveCfg = Release|x64
		{91D52963-42EE-466D-BB32-4FB83D320D96}.Release|x64.Build.0 = Release|x64
		{91D52963-42EE-466D-BB32-4FB83D320D96}.Release|x86.ActiveCfg = Release|Win32
		{91D52963-42EE-466D-BB32-4FB83D320D96}.Release|x86.Build.0 = Release|Win32
		{CEC24EF0-0F7F-43A2-AFD4-198CF4FA752F}.Debug|x64.ActiveCfg = Debug|x64
		{CEC24EF0-0F7F-43A2-AFD4-198CF4FA752F}.Debug|x64.Build.0 = Debug|x64
		{CEC24EF0-0F7F-43A2-AFD4-198CF4FA752F}.Debug|x86.ActiveCfg = Debug|Win32
		{CEC24EF0-0F7F-43A2-AFD4-198CF4FA752F}.Debug|x86.Build.0 = Debug|Win32
		{CEC24EF0-0F7F-43A2-AFD4-198CF4FA752F}.Release|x64.ActiveCfg = Release|x64
		{CEC24EF0-0F7F-43A2-AFD4-198CF4FA752F}.Release|x64.Build.0 = Release|x64
		{CEC24EF0-0F7F-43A2-AFD4-198CF4FA752F}.Release|x86.ActiveCfg = Release|Win32
		{CEC24EF0-0F7F-43A2-AFD4-198CF4FA752F}.Release|x86.Build.0 = Release|Win32
		{5AB65C5E-13B3-4141-B912-110AB89AC438}.Debug|x64.ActiveCfg = Debug|x64
		{5AB65C5E-13B3-4141-B912-110AB89AC438}.Debug|x64.Build.0 = Debug|x64
		{5AB65C5E-13B3-4141-B912-110AB89AC438}.Debug|x86.ActiveCfg = Debug|Win32
		{5AB65C5E-13B3-4141-B912-110AB89AC438}.Debug|x86.Build.0 = Debug|Win32
		{5AB65C5E-13B3-4141-B912-110AB89AC438}.Release|x64.ActiveCfg = Release|x64
		{5AB65C5E-13B3-4141-B912-110AB89AC438}.Release|x64.Build.0 = Release|x64
		{5AB65C5E-13B3-4141-B912-110AB89AC438}.Release|x86.ActiveCfg = Release|Win32
		{5AB65C5E-13B3-4141-B912-110AB89AC438}.Release|x86.Build.0 = Release|Win32
		{1A6F04CE-FA07-48DF-9BC5-11897E9187C8}.Debug|x64.ActiveCfg = Debug|x64
		{1A6F04CE-FA07-48DF-9BC5-11897E9187C8}.Debug|x64.Build.0 = Debug|x64
		{1A6F04CE-FA07-48DF-9BC5-11897E9187C8}.Debug|x86.ActiveCfg = Debug|Win32
		{1A6F04CE-FA07-48DF-9BC5-11897E9187C8}.Debug|x86.Build.0 = Debug|Win32
		{1A6F04CE-FA07-48DF-9BC5-11897E9187C8}.Release|x64.ActiveCfg = Release|x64
		{1A6F04CE-FA07-48DF-9BC5-11897E9187C8}.Release|x64.Build.0 = Release|x64
		{1A6F04CE-FA07-48DF-9BC5-11897E9187C8}.Release|x86.ActiveCfg = Release|Win32
		{1A6F04CE-FA07-48DF-9BC5-11897E9187C8}.Release|x86.Build.0 = Release|Win32
		{4EB6C9A0-E739-4C38-8F4F-8ED00B7C980E}.Debug|x64.ActiveCfg = Debug|x64
		{4EB6C9A0-E739-4C38-8F4F-8ED00B7C980E}.Debug|x64.Build.0 = Debug|x64
		{4EB6C9A0-E739-4C38-8F4F-8ED00B7C980E}.Debug|x86.ActiveCfg = Debug|Win32
		{4EB6C9A0-E739-4C38-8F4F-8ED00B7C980E}.Debug|x86.Build.0 = Debug|Win32
		{4EB6C9A0-E739-4C38-8F4F-8ED00B7C980E}.Release|x64.ActiveCfg = Release|x64
		{4EB6C9A0-E739-4C38-8F4F-8ED00B7C980E}.Release|x64.Build.0 = Release|x64
		{4EB6C9A0-E739-4C38-8F4F-8ED00B7C980E}.Release|x86.ActiveCfg = Release|Win32
		{4EB6C9A0-E739-4C38-8F4F-8ED00B7C980E}.Release|x86.Build.0 = Release|Win32
		{9FC7F49C-0C8E-4DE9-A8CF-ACFF38286A87}.Debug|x64.ActiveCfg = Debug|x64
		{9FC7F49C-0C8E-4DE9-A8CF-ACFF38286A87}.Debug|x64.Build.0 = Debug|x64
		{9FC7F49C-0C8E-4DE9-A8CF-ACFF38286A87}.Debug|x86.ActiveCfg = Debug|Win32
		{9FC7F49C-0C8E-4DE9-A8CF-ACFF38286A87}.Debug|x86.Build.0 = Debug|Win32
		{9FC7F49C-0C8E-4DE9-A8CF-ACFF38286A87}.Release|x64.ActiveCfg = Release|x64
		{9FC7F49C-0C8E-4DE9-A8CF-ACFF38286A87}.Release|x64.Build.0 = Release|x64
		{9FC7F49C-0C8E-4DE9-A8CF-ACFF38286A87}.Release|x86.ActiveCfg = Release|Win32
		{9FC7F49C-0C8E-4DE9-A8CF-ACFF38286A87}.Release|x86.Build.0 = Release|Win32
		{BB5C8A3A-C51A-46C4-9843-F0D3C1B35254}.Debug|x64.ActiveCfg = Debug|x64
		{BB5C8A3A-C51A-46C4-9843-F0D3C1B35254}.Debug|x64.Build.0 = Debug|x64
		{BB5C8A3A-C51A-46C4-9843-F0D3C1B35254}.Debug|x86.ActiveCfg = Debug|Win32
		{BB5C8A3A-C51A-46C4-9843-F0D3C1B35254}.Debug|x86.Build.0 = Debug|Win32
		{BB5C8A3A-C51A-46C4-9843-F0D3C1B35254}.Release|x64.ActiveCfg = Release|x64
		{BB5C8A3A-C51A-46C4-9843-F0D3C1B35254}.Release|x64.Build.0 = Release|x64
		{BB5C8A3A-C51A-46C4-9843-F0D3C1B35254}.Release|x86.ActiveCfg = Release|Win32
		{BB5C8A3A-C51A-46C4-9843-F0D3C1B35254}.Release|x86.Build.0 = Release|Win32
		{C926E9FB-F3D1-4A98-BE3E-1EBEB7606F69}.Debug|x64.ActiveCfg = Debug|x64
		{C926E9FB-F3D1-4A98-BE3E-1EBEB7606F69}.Debug|x64.Build.0 = Debug|x64
		{C926E9FB-F3D1-4A98-BE3E-1EBEB7606F69}.Debug|x86.ActiveCfg = Debug|Win32
		{C926E9FB-F3D1-4A98-BE3E-1EBEB7606F69}.Debug|x86.Build.0 = Debug|Win32
		{C926E9FB-F3D1-4A98-BE3E-1EBEB7606F69}.Release|x64.ActiveCfg = Release|x64
		{C926E9FB-F3D1-4A98-BE3E-1EBEB7606F69}.Release|x64.Build.0 = Release|x64
		{C926E9FB-F3D1-4A98-BE3E-1EBEB7606F69}.Release|x86.ActiveCfg = Release|Win32
		{C926E9FB-F3D1-4A98-BE3E-1EBEB7606F69}.Release|x86.Build.0 = Release|Win32
		{3366A7FA-0482-45BB-8D94-66B9331159F7}.Debug|x64.ActiveCfg = Debug|x64
		{3366A7FA-0482-45BB-8D94-66B9331159F7}.Debug|x64.Build.0 = Debug|x64
		{3366A7FA-0482-45BB-8D94-66B9331159F7}.Debug|x86.ActiveCfg = Debug|Win32
		{3366A7FA-0482-45BB-8D94-66B9331159F7}.Debug|x86.Build.0 = Debug|Win32
		{3366A7FA-0482-45BB-8D94-66B9331159F7}.Release|x64.ActiveCfg = Release|x64
		{3366A7FA-0482-45BB-8D94-66B9331159F7}.Release|x64.Build.0 = Release|x64
		{3366A7FA-0482-45BB-8D94-66B9331159F7}.Release|x86.ActiveCfg = Release|Win32
		{3366A7FA-0482-45BB-8D94-66B9331159F7}.Release|x86.Build.0 = Release|Win32
		{A2193C05-EC49-4064-81DE-9BBDC88EAABC}.Debug|x64.ActiveCfg = Debug|x64
		{A2193C05-EC49-4064-81DE-9BBDC88EAABC}.Debug|x64.Build.0 = Debug|x64
		{A2193C05-EC49-4064-81DE-9BBDC88EAABC}.Debug|x86.ActiveCfg = Debug|Win32
		{A2193C05-EC49-4064-81DE-9BBDC88EAABC}.Debug|x86.Build.0 = Debug|Win32
		{A2193C05-EC49-4064-81DE-9BBDC88EAABC}.Release|x64.ActiveCfg = Release|x64
		{A2193C05-EC49-4064-81DE-9BBDC88EAABC}.Release|x64.Build.0 = Release|x64
		{A2193C05-EC49-4064-81DE-9BBDC88EAABC}.Release|x86.ActiveCfg = Release|Win32
		{A2193C05-EC49-4064-81DE-9BBDC88EAABC}.Release|x86.Build.0 = Release|Win32
		{2B4EC855-5B8D-4801-9DCD-BDA81E350821}.Debug|x64.ActiveCfg = Debug|x64
		{2B4EC855-5B8D-4801-9DCD-BDA81E350821}.Debug|x64.Build.0 = Debug|x64
		{2B4EC855-5B8D-4801-9DCD-BDA81E350821}.Debug|x86.ActiveCfg = Debug|Win32
		{2B4EC855-5B8D-4801-9DCD-BDA81E350821}.Debug|x86.Build.0 = Debug|Win32
		{2B4EC855-5B8D-4801-9DCD-BDA81E350821}.Release|x64.ActiveCfg = Release|x64
		{2B4EC855-5B8D-4801-9DCD-BDA81E350821}.Release|x64.Build.0 = Release|x64
		{2B4EC855-5B8D-4801-9DCD-BDA81E350821}.Release|x86.ActiveCfg = Release|Win32
		{2B4EC855-5B8D-4801-9DCD-BDA81E350821}.Release|x86.Build.0 = Release|Win32
		{5BDAF79D-A4C3-4370-B546-8C7FE3F4FA24}.Debug|x64.ActiveCfg = Debug|x64
		{5BDAF79D-A4C3-4370-B546-8C7FE3F4FA24}.Debug|x64.Build.0 = Debug|x64
		{5BDAF79D-A4C3-4370-B546-8C7FE3F4FA24}.Debug|x86.ActiveCfg = Debug|Win32
		{5BDAF79D-A4C3-4370-B546-8C7FE3F4FA24}.Debug|x86.Build.0 = Debug|Win32
		{5BDAF79D-A4C3-4370-B546-8C7FE3F4FA24}.Release|x64.ActiveCfg = Release|x64
		{5BDAF79D-A4C3-4370-B546-8C7FE3F4FA24}.Release|x64.Build.0 = Release|x64
		{5BDAF79D-A4C3-4370-B546-8C7FE3F4FA24}.Release|x86.ActiveCfg = Release|Win32
		{5BDAF79D-A4C3-4370-B546-8C7FE3F4FA24}.Release|x86.Build.0 = Release|Win32
		{59F68202-190C-40D4-8DCA-0CCF08527B2A}.Debug|x64.ActiveCfg = Debug|x64
		{59F68202-190C-40D4-8DCA-0CCF08527B2A}.Debug|x64.Build.0 = Debug|x64
		{59F68202-190C-40D4-8DCA-0CCF08527B2A}.Debug|x86.ActiveCfg = Debug|Win32
		{59F68202-190C-40D4-8DCA-0CCF08527B2A}.Debug|x86.Build.0 = Debug|Win32
		{59F68202-190C-40D4-8DCA-0CCF08527B2A}.Release|x64.ActiveCfg = Release|x64
		{59F68202-190C-40D4-8DCA-0CCF08527B2A}.Release|x64.Build.0 = Release|x64
		{59F68202-190C-40D4-8DCA-0CCF08527B2A}.Release|x86.ActiveCfg = Release|Win32
		{59F68202-190C-40D4-8DCA-0CCF08527B2A}.Release|x86.Build.0 = Release|Win32
		{A1DD89FE-C0DA-4EF2-80B9-FBE559A2634D}.Debug|x64.ActiveCfg = Debug|x64
		{A1DD89FE-C0DA-4EF2-80B9-FBE559A2634D}.Debug|x64.Build.0 = Debug|x64
		{A1DD89FE-C0DA-4EF2-80B9-FBE559A2634D}.Debug|x86.ActiveCfg = Debug|Win32
		{A1DD89FE-C0DA-4EF2-80B9-FBE559A2634D}.Debug|x86.Build.0 = Debug|Win32
		{A1DD89FE-C0DA-4EF2-80B9-FBE559A2634D}.Release|x64.ActiveCfg = Release|x64
		{A1DD89FE-C0DA-4EF2-80B9-FBE559A2634D}.Release|x64.Build.0 = Release|x64
		{A1DD89FE-C0DA-4EF2-80B9-FBE559A2634D}.Release|x86.ActiveCfg = Release|Win32
		{A1DD89FE-C0DA-4EF2-80B9-FBE559A2634D}.Release|x86.Build.0 = Release|Win32
		{17128897-8D64-4160-9CDC-E3F1459757FD}.Debug|x64.ActiveCfg = Debug|x64
		{17128897-8D64-4160-9CDC-E3F1459757FD}.Debug|x64.Build.0 = Debug|x64
		{17128897-8D64-4160-9CDC-E3F1459757FD}.Debug|x86.ActiveCfg = Debug|Win32
		{17128897-8D64-4160-9CDC-E3F1459757FD}.Debug|x86.Build.0 = Debug|Win32
		{17128897-8D64-4160-9CDC-E3F1459757FD}.Release|x64.ActiveCfg = Release|x64
		{17128897-8D64-4160-9CDC-E3F1459757FD}.Release|x64.Build.0 = Release|x64
		{17128897-8D64-4160-9CDC-E3F1459757FD}.Release|x86.ActiveCfg = Release|Win32
		{17128897-8D64-4160-9CDC-E3F1459757FD}.Release|x86.Build.0 = Release|Win32
		{BFABDD6B-140D-45D3-8A02-79768E4024FC}.Debug|x64.ActiveCfg = Debug|x64
		{BFABDD6B-140D-45D3-8A02-79768E4024FC}.Debug|x64.Build.0 = Debug|x64
		{BFABDD6B-140D-45D3-8A02-79768E4024FC}.Debug|x86.ActiveCfg = Debug|Win32
		{BFABDD6B-140D-45D3-8A02-79768E4024FC}.Debug|x86.Build.0 = Debug|Win32
		{BFABDD6B-140D-45D3-8A02-79768E4024FC}.Release|x64.ActiveCfg = Release|x64
		{BFABDD6B-140D-45D3-8A02-79768E4024FC}.Release|x64.Build.0 = Release|x64
		{BFABDD6B-140D-45D3-8A02-79768E4024FC}.Release|x86.ActiveCfg = Release|Win32
		{BFABDD6B-140D-45D3-8A02-79768E4024FC}.Release|x86.Build.0 = Release|Win32
		{81B92B08-BAE4-4E52-B334-948B2CE62DC2}.Debug|x64.ActiveCfg = Debug|x64
		{81B92B08-BAE4-4E52-B334-948B2CE62DC2}.Debug|x64.Build.0 = Debug|x64
		{81B92B08-BAE4-4E52-B334-948B2CE62DC2}.Debug|x86.ActiveCfg = Debug|Win32
		{81B92B08-BAE4-4E52-B334-948B2CE62DC2}.Debug|x86.Build.0 = Debug|Win32
		{81B92B08-BAE4-4E52-B334-948B2CE62DC2}.Release|x64.ActiveCfg = Release|x64
		{81B92B08-BAE4-4E52-B334-948B2CE62DC2}.Release|x64.Build.0 = Release|x64
		{81B92B08-BAE4-4E52-B334-948B2CE62DC2}.Release|x86.ActiveCfg = Release|Win32
		{81B92B08-BAE4-4E52-B334-948B2CE62DC2}.Release|x86.Build.0 = Release|Win32
		{8099786D-6EBB-4882-8C99-E873D2169CF8}.Debug|x64.ActiveCfg = Debug|x64
		{8099786D-6EBB-4882-8C99-E873D2169CF8}.Debug|x64.Build.0 = Debug|x64
		{8099786D-6EBB-4882-8C99-E873D2169CF8}.Debug|x86.ActiveCfg = Debug|Win32
		{8099786D-6EBB-4882-8C99-E873D2169CF8}.Debug|x86.Build.0 = Debug|Win32
		{8099786D-6EBB-4882-8C99-E873D2169CF8}.Release|x64.ActiveCfg = Release|x64
		{8099786D-6EBB-4882-8C99-E873D2169CF8}.Release|x64.Build.0 = Release|x64
		{8099786D-6EBB-4882-8C99-E873D2169CF8}.Release|x86.ActiveCfg = Release|Win32
		{8099786D-6EBB-4882-8C99-E873D2169CF8}.Release|x86.Build.0 = Release|Win32
		{BDF9BE25-3D6E-4271-948C-33F8401BC1B4}.Debug|x64.ActiveCfg = Debug|x64
		{BDF9BE25-3D6E-4271-948C-33F8401BC1B4}.Debug|x64.Build.0 = Debug|x64
		{BDF9BE25-3D6E-4271-948C-33F8401BC1B4}.Debug|x86.ActiveCfg = Debug|Win32
		{BDF9BE25-3D6E-4271-948C-33F8401BC1B4}.Debug|x86.Build.0 = Debug|Win32
		{BDF9BE25-3D6E-4271-948C-33F8401BC1B4}.Release|x64.ActiveCfg = Release|x64
		{BDF9BE25-3D6E-4271-948C-33F8401BC1B4}.Release|x64.Build.0 = Release|x64
		{BDF9BE25-3D6E-4271-948C-33F8401BC1B4}.Release|x86.ActiveCfg = Release|Win32
		{BDF9BE25-3D6E-4271-948C-33F8401BC1B4}.Release|x86.Build.0 = Release|Win32
		{DB704B49-6A6E-435D-A2FD-80B2DAA8C999}.Debug|x64.ActiveCfg = Debug|x64
		{DB704B49-6A6E-435D-A2FD-80B2DAA8C999}.Debug|x64.Build.0 = Debug|x64
		{DB704B49-6A6E-435D-A2FD-80B2DAA8C999}.Debug|x86.ActiveCfg = Debug|Win32
		{DB704B49-6A6E-435D-A2FD-80B2DAA8C999}.Debug|x86.Build.0 = Debug|Win32
		{DB704B49-6A6E-435D-A2FD-80B2DAA8C999}.Release|x64.ActiveCfg = Release|x64
		{DB704B49-6A6E-435D-A2FD-80B2DAA8C999}.Release|x64.Build.0 = Release|x64
		{DB704B49-6A6E-435D-A2FD-80B2DAA8C999}.Release|x86.ActiveCfg = Release|Win32
		{DB704B49-6A6E-435D-A2FD-80B2DAA8C999}.Release|x86.Build.0 = Release|Win32
		{B7ECFEEC-CF8A-4068-98AA-B4430047C357}.Debug|x64.ActiveCfg = Debug|x64
		{B7ECFEEC-CF8A-4068-98AA-B4430047C357}.Debug|x64.Build.0 = Debug|x64
		{B7ECFEEC-CF8A-4068-98AA-B4430047C357}.Debug|x86.ActiveCfg = Debug|Win32
		{B7ECFEEC-CF8A-4068-98AA-B4430047C357}.Debug|x86.Build.0 = Debug|Win32
		{B7ECFEEC-CF8A-4068-98AA-B4430047C357}.Release|x64.ActiveCfg = Release|x64
		{B7ECFEEC-CF8A-4068-98AA-B4430047C357}.Release|x64.Build.0 = Release|x64
		{B7ECFEEC-CF8A-4068-98AA-B4430047C357}.Release|x86.ActiveCfg = Release|Win32
		{B7ECFEEC-CF8A-4068-98AA-B4430047C357}.Release|x86.Build.0 = Release|Win32
		{9F2E92A1-BE18-4514-94F0-11BE0666797F}.Debug|x64.ActiveCfg = Debug|x64
		{9F2E92A1-BE18-4514-94F0-11BE0666797F}.Debug|x64.Build.0 = Debug|x64
		{9F2E92A1-BE18-4514-94F0-11BE0666797F}.Debug|x86.ActiveCfg = Debug|Win32
		{9F2E92A1-BE18-4514-94F0-11BE0666797F}.Debug|x86.Build.0 = Debug|Win32
		{9F2E92A1-BE18-4514-94F0-11BE0666797F}.Release|x64.ActiveCfg = Release|x64
		{9F2E92A1-BE18-4514-94F0-11BE0666797F}.Release|x64.Build.0 = Release|x64
		{9F2E92A1-BE18-4514-94F0-11BE0666797F}.Release|x86.ActiveCfg = Release|Win32
		{9F2E92A1-BE18-4514-94F0-11BE0666797F}.Release|x86.Build.0 = Release|Win32
	EndGlobalSection
	GlobalSection(SolutionProperties) = preSolution
		HideSolutionNode = FALSE
	EndGlobalSection
EndGlobal
